
Microsoft Visual Studio Solution File, Format Version 12.00
# Visual Studio Version 16
VisualStudioVersion = 16.0.29306.81
MinimumVisualStudioVersion = 10.0.40219.1
Project("{FAE04EC0-301F-11D3-BF4B-00C04F79EFBC}") = "GisbuyApplication", "GisbuyApplication\GisbuyApplication.csproj", "{579F7421-5BB7-4951-9239-65351FD1ED33}"
EndProject
Project("{FAE04EC0-301F-11D3-BF4B-00C04F79EFBC}") = "GisbuyBLProject", "..\GisbuyDalLibrarySolution\GisbuyBLProject\GisbuyBLProject.csproj", "{8DC93B1E-F81F-4134-9B4D-BA1F14E41F53}"
EndProject
Project("{FAE04EC0-301F-11D3-BF4B-00C04F79EFBC}") = "GisbuyDalLibraryProject", "..\GisbuyDalLibrarySolution\GisbuyDalLibraryProject\GisbuyDalLibraryProject.csproj", "{EC7E7346-50EF-4C5C-A8F5-FCD533357FA1}"
EndProject
Project("{FAE04EC0-301F-11D3-BF4B-00C04F79EFBC}") = "GisbuyModelProject", "..\GisbuyDalLibrarySolution\GisbuyModelProject\GisbuyModelProject.csproj", "{6BBC3074-85A7-4BE8-B542-B1FEDF2C7AB6}"
EndProject
Project("{FAE04EC0-301F-11D3-BF4B-00C04F79EFBC}") = "Authentication", "Authentication\Authentication.csproj", "{1A3946A8-7371-46E2-935D-155D058DB1E4}"
EndProject
Global
	GlobalSection(SolutionConfigurationPlatforms) = preSolution
		Debug|Any CPU = Debug|Any CPU
		Release|Any CPU = Release|Any CPU
	EndGlobalSection
	GlobalSection(ProjectConfigurationPlatforms) = postSolution
		{579F7421-5BB7-4951-9239-65351FD1ED33}.Debug|Any CPU.ActiveCfg = Debug|Any CPU
		{579F7421-5BB7-4951-9239-65351FD1ED33}.Debug|Any CPU.Build.0 = Debug|Any CPU
		{579F7421-5BB7-4951-9239-65351FD1ED33}.Release|Any CPU.ActiveCfg = Release|Any CPU
		{579F7421-5BB7-4951-9239-65351FD1ED33}.Release|Any CPU.Build.0 = Release|Any CPU
		{8DC93B1E-F81F-4134-9B4D-BA1F14E41F53}.Debug|Any CPU.ActiveCfg = Debug|Any CPU
		{8DC93B1E-F81F-4134-9B4D-BA1F14E41F53}.Debug|Any CPU.Build.0 = Debug|Any CPU
		{8DC93B1E-F81F-4134-9B4D-BA1F14E41F53}.Release|Any CPU.ActiveCfg = Release|Any CPU
		{8DC93B1E-F81F-4134-9B4D-BA1F14E41F53}.Release|Any CPU.Build.0 = Release|Any CPU
		{EC7E7346-50EF-4C5C-A8F5-FCD533357FA1}.Debug|Any CPU.ActiveCfg = Debug|Any CPU
		{EC7E7346-50EF-4C5C-A8F5-FCD533357FA1}.Debug|Any CPU.Build.0 = Debug|Any CPU
		{EC7E7346-50EF-4C5C-A8F5-FCD533357FA1}.Release|Any CPU.ActiveCfg = Release|Any CPU
		{EC7E7346-50EF-4C5C-A8F5-FCD533357FA1}.Release|Any CPU.Build.0 = Release|Any CPU
		{6BBC3074-85A7-4BE8-B542-B1FEDF2C7AB6}.Debug|Any CPU.ActiveCfg = Debug|Any CPU
		{6BBC3074-85A7-4BE8-B542-B1FEDF2C7AB6}.Debug|Any CPU.Build.0 = Debug|Any CPU
		{6BBC3074-85A7-4BE8-B542-B1FEDF2C7AB6}.Release|Any CPU.ActiveCfg = Release|Any CPU
		{6BBC3074-85A7-4BE8-B542-B1FEDF2C7AB6}.Release|Any CPU.Build.0 = Release|Any CPU
		{1A3946A8-7371-46E2-935D-155D058DB1E4}.Debug|Any CPU.ActiveCfg = Debug|Any CPU
		{1A3946A8-7371-46E2-935D-155D058DB1E4}.Debug|Any CPU.Build.0 = Debug|Any CPU
		{1A3946A8-7371-46E2-935D-155D058DB1E4}.Release|Any CPU.ActiveCfg = Release|Any CPU
		{1A3946A8-7371-46E2-935D-155D058DB1E4}.Release|Any CPU.Build.0 = Release|Any CPU
	EndGlobalSection
	GlobalSection(SolutionProperties) = preSolution
		HideSolutionNode = FALSE
	EndGlobalSection
	GlobalSection(ExtensibilityGlobals) = postSolution
		SolutionGuid = {5B51EF55-F186-4312-AF9D-909F01E13A50}
	EndGlobalSection
EndGlobal
